
Microsoft Visual Studio Solution File, Format Version 12.00
# Visual Studio Version 16
VisualStudioVersion = 16.0.32106.194
MinimumVisualStudioVersion = 10.0.40219.1
Project("{8BC9CEB8-8B4A-11D0-8D11-00A0C91BC942}") = "Asm 2_q2", "Asm 2_q2.vcxproj", "{1FE47725-9B7F-4D6D-8123-E98CE79881F7}"
EndProject
Global
	GlobalSection(SolutionConfigurationPlatforms) = preSolution
		Debug|x64 = Debug|x64
		Debug|x86 = Debug|x86
		Release|x64 = Release|x64
		Release|x86 = Release|x86
	EndGlobalSection
	GlobalSection(ProjectConfigurationPlatforms) = postSolution
		{1FE47725-9B7F-4D6D-8123-E98CE79881F7}.Debug|x64.ActiveCfg = Debug|x64
		{1FE47725-9B7F-4D6D-8123-E98CE79881F7}.Debug|x64.Build.0 = Debug|x64
		{1FE47725-9B7F-4D6D-8123-E98CE79881F7}.Debug|x86.ActiveCfg = Debug|Win32
		{1FE47725-9B7F-4D6D-8123-E98CE79881F7}.Debug|x86.Build.0 = Debug|Win32
		{1FE47725-9B7F-4D6D-8123-E98CE79881F7}.Release|x64.ActiveCfg = Release|x64
		{1FE47725-9B7F-4D6D-8123-E98CE79881F7}.Release|x64.Build.0 = Release|x64
		{1FE47725-9B7F-4D6D-8123-E98CE79881F7}.Release|x86.ActiveCfg = Release|Win32
		{1FE47725-9B7F-4D6D-8123-E98CE79881F7}.Release|x86.Build.0 = Release|Win32
	EndGlobalSection
	GlobalSection(SolutionProperties) = preSolution
		HideSolutionNode = FALSE
	EndGlobalSection
	GlobalSection(ExtensibilityGlobals) = postSolution
		SolutionGuid = {A0464DD4-53B5-4E81-BA30-A2F225642B3D}
	EndGlobalSection
EndGlobal
